
Microsoft Visual Studio Solution File, Format Version 12.00
# Visual Studio Version 16
VisualStudioVersion = 16.0.31005.135
MinimumVisualStudioVersion = 10.0.40219.1
Project("{9A19103F-16F7-4668-BE54-9A1E7A4F7556}") = "MicroServiceLREC", "MicroServiceLREC.csproj", "{7DF56F0F-D4C6-4970-AB4A-DAA057D03677}"
EndProject
Project("{9A19103F-16F7-4668-BE54-9A1E7A4F7556}") = "Infraestructure", "..\Infraestructure\Infraestructure.csproj", "{F53D10A1-B3C6-40B0-81A5-80BCCB92914E}"
EndProject
Project("{9A19103F-16F7-4668-BE54-9A1E7A4F7556}") = "Domain", "..\Domain\Domain.csproj", "{4171F926-A60A-4176-9936-A74BE0B2D33B}"
EndProject
Global
	GlobalSection(SolutionConfigurationPlatforms) = preSolution
		Debug|Any CPU = Debug|Any CPU
		Release|Any CPU = Release|Any CPU
	EndGlobalSection
	GlobalSection(ProjectConfigurationPlatforms) = postSolution
		{7DF56F0F-D4C6-4970-AB4A-DAA057D03677}.Debug|Any CPU.ActiveCfg = Debug|Any CPU
		{7DF56F0F-D4C6-4970-AB4A-DAA057D03677}.Debug|Any CPU.Build.0 = Debug|Any CPU
		{7DF56F0F-D4C6-4970-AB4A-DAA057D03677}.Release|Any CPU.ActiveCfg = Release|Any CPU
		{7DF56F0F-D4C6-4970-AB4A-DAA057D03677}.Release|Any CPU.Build.0 = Release|Any CPU
		{F53D10A1-B3C6-40B0-81A5-80BCCB92914E}.Debug|Any CPU.ActiveCfg = Debug|Any CPU
		{F53D10A1-B3C6-40B0-81A5-80BCCB92914E}.Debug|Any CPU.Build.0 = Debug|Any CPU
		{F53D10A1-B3C6-40B0-81A5-80BCCB92914E}.Release|Any CPU.ActiveCfg = Release|Any CPU
		{F53D10A1-B3C6-40B0-81A5-80BCCB92914E}.Release|Any CPU.Build.0 = Release|Any CPU
		{4171F926-A60A-4176-9936-A74BE0B2D33B}.Debug|Any CPU.ActiveCfg = Debug|Any CPU
		{4171F926-A60A-4176-9936-A74BE0B2D33B}.Debug|Any CPU.Build.0 = Debug|Any CPU
		{4171F926-A60A-4176-9936-A74BE0B2D33B}.Release|Any CPU.ActiveCfg = Release|Any CPU
		{4171F926-A60A-4176-9936-A74BE0B2D33B}.Release|Any CPU.Build.0 = Release|Any CPU
	EndGlobalSection
	GlobalSection(SolutionProperties) = preSolution
		HideSolutionNode = FALSE
	EndGlobalSection
	GlobalSection(ExtensibilityGlobals) = postSolution
		SolutionGuid = {0F60EEE6-7DBE-47B1-A334-13D3B8C506FD}
	EndGlobalSection
EndGlobal
